
Microsoft Visual Studio Solution File, Format Version 12.00
# Visual Studio 14
VisualStudioVersion = 14.0.24720.0
MinimumVisualStudioVersion = 10.0.40219.1
Project("{FAE04EC0-301F-11D3-BF4B-00C04F79EFBC}") = "ConcurrentMessageQueue", "ConcurrentMessageQueue\ConcurrentMessageQueue.csproj", "{252B5C33-DBCA-42B9-AD27-E11C2854B1B5}"
EndProject
Project("{FAE04EC0-301F-11D3-BF4B-00C04F79EFBC}") = "ConcurrentMessageQueue.Sample", "ConcurrentMessageQueue.Sample\ConcurrentMessageQueue.Sample.csproj", "{A1BA5366-5902-4F60-B11C-E73DE9B6CA78}"
EndProject
Global
	GlobalSection(SolutionConfigurationPlatforms) = preSolution
		Debug|Any CPU = Debug|Any CPU
		Release|Any CPU = Release|Any CPU
	EndGlobalSection
	GlobalSection(ProjectConfigurationPlatforms) = postSolution
		{252B5C33-DBCA-42B9-AD27-E11C2854B1B5}.Debug|Any CPU.ActiveCfg = Debug|Any CPU
		{252B5C33-DBCA-42B9-AD27-E11C2854B1B5}.Debug|Any CPU.Build.0 = Debug|Any CPU
		{252B5C33-DBCA-42B9-AD27-E11C2854B1B5}.Release|Any CPU.ActiveCfg = Release|Any CPU
		{252B5C33-DBCA-42B9-AD27-E11C2854B1B5}.Release|Any CPU.Build.0 = Release|Any CPU
		{A1BA5366-5902-4F60-B11C-E73DE9B6CA78}.Debug|Any CPU.ActiveCfg = Debug|Any CPU
		{A1BA5366-5902-4F60-B11C-E73DE9B6CA78}.Debug|Any CPU.Build.0 = Debug|Any CPU
		{A1BA5366-5902-4F60-B11C-E73DE9B6CA78}.Release|Any CPU.ActiveCfg = Release|Any CPU
		{A1BA5366-5902-4F60-B11C-E73DE9B6CA78}.Release|Any CPU.Build.0 = Release|Any CPU
	EndGlobalSection
	GlobalSection(SolutionProperties) = preSolution
		HideSolutionNode = FALSE
	EndGlobalSection
EndGlobal
